// !$*UTF8*$!
{
	archiveVersion = 1;
	classes = {
	};
	objectVersion = 46;
	objects = {

/* Begin PBXBuildFile section */
		07306BA6245C4BBA0032E38D /* RunInBackground.m in Sources */ = {isa = PBXBuildFile; fileRef = 07306BA5245C4BBA0032E38D /* RunInBackground.m */; };
		07899DA91F5967B800D3AAF8 /* main.m in Sources */ = {isa = PBXBuildFile; fileRef = 07899DA81F5967B800D3AAF8 /* main.m */; };
		07899DAC1F5967B800D3AAF8 /* AppDelegate.m in Sources */ = {isa = PBXBuildFile; fileRef = 07899DAB1F5967B800D3AAF8 /* AppDelegate.m */; };
		07899DAF1F5967B800D3AAF8 /* ViewController.m in Sources */ = {isa = PBXBuildFile; fileRef = 07899DAE1F5967B800D3AAF8 /* ViewController.m */; };
		07899DB21F5967B800D3AAF8 /* Main.storyboard in Resources */ = {isa = PBXBuildFile; fileRef = 07899DB01F5967B800D3AAF8 /* Main.storyboard */; };
		07899DB41F5967B800D3AAF8 /* Assets.xcassets in Resources */ = {isa = PBXBuildFile; fileRef = 07899DB31F5967B800D3AAF8 /* Assets.xcassets */; };
		07899DB71F5967B800D3AAF8 /* LaunchScreen.storyboard in Resources */ = {isa = PBXBuildFile; fileRef = 07899DB51F5967B800D3AAF8 /* LaunchScreen.storyboard */; };
/* End PBXBuildFile section */

/* Begin PBXFileReference section */
		07306BA3245C4BBA0032E38D /* RunInBackground.h */ = {isa = PBXFileReference; fileEncoding = 4; lastKnownFileType = sourcecode.c.h; path = RunInBackground.h; sourceTree = "<group>"; };
		07306BA4245C4BBA0032E38D /* blank.h */ = {isa = PBXFileReference; fileEncoding = 4; lastKnownFileType = sourcecode.c.h; path = blank.h; sourceTree = "<group>"; };
		07306BA5245C4BBA0032E38D /* RunInBackground.m */ = {isa = PBXFileReference; fileEncoding = 4; lastKnownFileType = sourcecode.c.objc; path = RunInBackground.m; sourceTree = "<group>"; };
		07899DA41F5967B800D3AAF8 /* RunInBackground.app */ = {isa = PBXFileReference; explicitFileType = wrapper.application; includeInIndex = 0; path = RunInBackground.app; sourceTree = BUILT_PRODUCTS_DIR; };
		07899DA81F5967B800D3AAF8 /* main.m */ = {isa = PBXFileReference; lastKnownFileType = sourcecode.c.objc; path = main.m; sourceTree = "<group>"; };
		07899DAA1F5967B800D3AAF8 /* AppDelegate.h */ = {isa = PBXFileReference; lastKnownFileType = sourcecode.c.h; path = AppDelegate.h; sourceTree = "<group>"; };
		07899DAB1F5967B800D3AAF8 /* AppDelegate.m */ = {isa = PBXFileReference; lastKnownFileType = sourcecode.c.objc; path = AppDelegate.m; sourceTree = "<group>"; };
		07899DAD1F5967B800D3AAF8 /* ViewController.h */ = {isa = PBXFileReference; lastKnownFileType = sourcecode.c.h; path = ViewController.h; sourceTree = "<group>"; };
		07899DAE1F5967B800D3AAF8 /* ViewController.m */ = {isa = PBXFileReference; lastKnownFileType = sourcecode.c.objc; path = ViewController.m; sourceTree = "<group>"; };
		07899DB11F5967B800D3AAF8 /* Base */ = {isa = PBXFileReference; lastKnownFileType = file.storyboard; name = Base; path = Base.lproj/Main.storyboard; sourceTree = "<group>"; };
		07899DB31F5967B800D3AAF8 /* Assets.xcassets */ = {isa = PBXFileReference; lastKnownFileType = folder.assetcatalog; path = Assets.xcassets; sourceTree = "<group>"; };
		07899DB61F5967B800D3AAF8 /* Base */ = {isa = PBXFileReference; lastKnownFileType = file.storyboard; name = Base; path = Base.lproj/LaunchScreen.storyboard; sourceTree = "<group>"; };
		07899DB81F5967B800D3AAF8 /* Info.plist */ = {isa = PBXFileReference; lastKnownFileType = text.plist.xml; path = Info.plist; sourceTree = "<group>"; };
/* End PBXFileReference section */

/* Begin PBXFrameworksBuildPhase section */
		07899DA11F5967B800D3AAF8 /* Frameworks */ = {
			isa = PBXFrameworksBuildPhase;
			buildActionMask = 2147483647;
			files = (
			);
			runOnlyForDeploymentPostprocessing = 0;
		};
/* End PBXFrameworksBuildPhase section */

/* Begin PBXGroup section */
		07899D9B1F5967B800D3AAF8 = {
			isa = PBXGroup;
			children = (
				07899DA61F5967B800D3AAF8 /* RunInBackground */,
				07899DA51F5967B800D3AAF8 /* Products */,
			);
			sourceTree = "<group>";
		};
		07899DA51F5967B800D3AAF8 /* Products */ = {
			isa = PBXGroup;
			children = (
				07899DA41F5967B800D3AAF8 /* RunInBackground.app */,
			);
			name = Products;
			sourceTree = "<group>";
		};
		07899DA61F5967B800D3AAF8 /* RunInBackground */ = {
			isa = PBXGroup;
			children = (
				07899DBE1F5967CE00D3AAF8 /* runInBg */,
				07899DAA1F5967B800D3AAF8 /* AppDelegate.h */,
				07899DAB1F5967B800D3AAF8 /* AppDelegate.m */,
				07899DAD1F5967B800D3AAF8 /* ViewController.h */,
				07899DAE1F5967B800D3AAF8 /* ViewController.m */,
				07899DB01F5967B800D3AAF8 /* Main.storyboard */,
				07899DB31F5967B800D3AAF8 /* Assets.xcassets */,
				07899DB51F5967B800D3AAF8 /* LaunchScreen.storyboard */,
				07899DB81F5967B800D3AAF8 /* Info.plist */,
				07899DA71F5967B800D3AAF8 /* Supporting Files */,
			);
			path = RunInBackground;
			sourceTree = "<group>";
		};
		07899DA71F5967B800D3AAF8 /* Supporting Files */ = {
			isa = PBXGroup;
			children = (
				07899DA81F5967B800D3AAF8 /* main.m */,
			);
			name = "Supporting Files";
			sourceTree = "<group>";
		};
		07899DBE1F5967CE00D3AAF8 /* runInBg */ = {
			isa = PBXGroup;
			children = (
				07306BA4245C4BBA0032E38D /* blank.h */,
				07306BA3245C4BBA0032E38D /* RunInBackground.h */,
				07306BA5245C4BBA0032E38D /* RunInBackground.m */,
			);
			path = runInBg;
			sourceTree = "<group>";
		};
/* End PBXGroup section */

/* Begin PBXNativeTarget section */
		07899DA31F5967B800D3AAF8 /* RunInBackground */ = {
			isa = PBXNativeTarget;
			buildConfigurationList = 07899DBB1F5967B800D3AAF8 /* Build configuration list for PBXNativeTarget "RunInBackground" */;
			buildPhases = (
				07899DA01F5967B800D3AAF8 /* Sources */,
				07899DA11F5967B800D3AAF8 /* Frameworks */,
				07899DA21F5967B800D3AAF8 /* Resources */,
			);
			buildRules = (
			);
			dependencies = (
			);
			name = RunInBackground;
			productName = RunInBackground;
			productReference = 07899DA41F5967B800D3AAF8 /* RunInBackground.app */;
			productType = "com.apple.product-type.application";
		};
/* End PBXNativeTarget section */

/* Begin PBXProject section */
		07899D9C1F5967B800D3AAF8 /* Project object */ = {
			isa = PBXProject;
			attributes = {
				LastUpgradeCheck = 0830;
				ORGANIZATIONNAME = niu_o0;
				TargetAttributes = {
					07899DA31F5967B800D3AAF8 = {
						CreatedOnToolsVersion = 8.3.2;
						DevelopmentTeam = 8M25X9FW5Y;
						ProvisioningStyle = Manual;
						SystemCapabilities = {
							com.apple.BackgroundModes = {
								enabled = 1;
							};
						};
					};
				};
			};
			buildConfigurationList = 07899D9F1F5967B800D3AAF8 /* Build configuration list for PBXProject "RunInBackground" */;
			compatibilityVersion = "Xcode 3.2";
			developmentRegion = English;
			hasScannedForEncodings = 0;
			knownRegions = (
				English,
				en,
				Base,
			);
			mainGroup = 07899D9B1F5967B800D3AAF8;
			productRefGroup = 07899DA51F5967B800D3AAF8 /* Products */;
			projectDirPath = "";
			projectRoot = "";
			targets = (
				07899DA31F5967B800D3AAF8 /* RunInBackground */,
			);
		};
/* End PBXProject section */

/* Begin PBXResourcesBuildPhase section */
		07899DA21F5967B800D3AAF8 /* Resources */ = {
			isa = PBXResourcesBuildPhase;
			buildActionMask = 2147483647;
			files = (
				07899DB71F5967B800D3AAF8 /* LaunchScreen.storyboard in Resources */,
				07899DB41F5967B800D3AAF8 /* Assets.xcassets in Resources */,
				07899DB21F5967B800D3AAF8 /* Main.storyboard in Resources */,
			);
			runOnlyForDeploymentPostprocessing = 0;
		};
/* End PBXResourcesBuildPhase section */

/* Begin PBXSourcesBuildPhase section */
		07899DA01F5967B800D3AAF8 /* Sources */ = {
			isa = PBXSourcesBuildPhase;
			buildActionMask = 2147483647;
			files = (
				07306BA6245C4BBA0032E38D /* RunInBackground.m in Sources */,
				07899DAF1F5967B800D3AAF8 /* ViewController.m in Sources */,
				07899DAC1F5967B800D3AAF8 /* AppDelegate.m in Sources */,
				07899DA91F5967B800D3AAF8 /* main.m in Sources */,
			);
			runOnlyForDeploymentPostprocessing = 0;
		};
/* End PBXSourcesBuildPhase section */

/* Begin PBXVariantGroup section */
		07899DB01F5967B800D3AAF8 /* Main.storyboard */ = {
			isa = PBXVariantGroup;
			children = (
				07899DB11F5967B800D3AAF8 /* Base */,
			);
			name = Main.storyboard;
			sourceTree = "<group>";
		};
		07899DB51F5967B800D3AAF8 /* LaunchScreen.storyboard */ = {
			isa = PBXVariantGroup;
			children = (
				07899DB61F5967B800D3AAF8 /* Base */,
			);
			name = LaunchScreen.storyboard;
			sourceTree = "<group>";
		};
/* End PBXVariantGroup section */

/* Begin XCBuildConfiguration section */
		07899DB91F5967B800D3AAF8 /* Debug */ = {
			isa = XCBuildConfiguration;
			buildSettings = {
				ALWAYS_SEARCH_USER_PATHS = NO;
				CLANG_ANALYZER_NONNULL = YES;
				CLANG_ANALYZER_NUMBER_OBJECT_CONVERSION = YES_AGGRESSIVE;
				CLANG_CXX_LANGUAGE_STANDARD = "gnu++0x";
				CLANG_CXX_LIBRARY = "libc++";
				CLANG_ENABLE_MODULES = YES;
				CLANG_ENABLE_OBJC_ARC = YES;
				CLANG_WARN_BOOL_CONVERSION = YES;
				CLANG_WARN_CONSTANT_CONVERSION = YES;
				CLANG_WARN_DIRECT_OBJC_ISA_USAGE = YES_ERROR;
				CLANG_WARN_DOCUMENTATION_COMMENTS = YES;
				CLANG_WARN_EMPTY_BODY = YES;
				CLANG_WARN_ENUM_CONVERSION = YES;
				CLANG_WARN_INFINITE_RECURSION = YES;
				CLANG_WARN_INT_CONVERSION = YES;
				CLANG_WARN_OBJC_ROOT_CLASS = YES_ERROR;
				CLANG_WARN_SUSPICIOUS_MOVE = YES;
				CLANG_WARN_UNREACHABLE_CODE = YES;
				CLANG_WARN__DUPLICATE_METHOD_MATCH = YES;
				"CODE_SIGN_IDENTITY[sdk=iphoneos*]" = "iPhone Developer";
				COPY_PHASE_STRIP = NO;
				DEBUG_INFORMATION_FORMAT = dwarf;
				ENABLE_STRICT_OBJC_MSGSEND = YES;
				ENABLE_TESTABILITY = YES;
				GCC_C_LANGUAGE_STANDARD = gnu99;
				GCC_DYNAMIC_NO_PIC = NO;
				GCC_NO_COMMON_BLOCKS = YES;
				GCC_OPTIMIZATION_LEVEL = 0;
				GCC_PREPROCESSOR_DEFINITIONS = (
					"DEBUG=1",
					"$(inherited)",
				);
				GCC_WARN_64_TO_32_BIT_CONVERSION = YES;
				GCC_WARN_ABOUT_RETURN_TYPE = YES_ERROR;
				GCC_WARN_UNDECLARED_SELECTOR = YES;
				GCC_WARN_UNINITIALIZED_AUTOS = YES_AGGRESSIVE;
				GCC_WARN_UNUSED_FUNCTION = YES;
				GCC_WARN_UNUSED_VARIABLE = YES;
				IPHONEOS_DEPLOYMENT_TARGET = 10.3;
				MTL_ENABLE_DEBUG_INFO = YES;
				ONLY_ACTIVE_ARCH = YES;
				SDKROOT = iphoneos;
			};
			name = Debug;
		};
		07899DBA1F5967B800D3AAF8 /* Release */ = {
			isa = XCBuildConfiguration;
			buildSettings = {
				ALWAYS_SEARCH_USER_PATHS = NO;
				CLANG_ANALYZER_NONNULL = YES;
				CLANG_ANALYZER_NUMBER_OBJECT_CONVERSION = YES_AGGRESSIVE;
				CLANG_CXX_LANGUAGE_STANDARD = "gnu++0x";
				CLANG_CXX_LIBRARY = "libc++";
				CLANG_ENABLE_MODULES = YES;
				CLANG_ENABLE_OBJC_ARC = YES;
				CLANG_WARN_BOOL_CONVERSION = YES;
				CLANG_WARN_CONSTANT_CONVERSION = YES;
				CLANG_WARN_DIRECT_OBJC_ISA_USAGE = YES_ERROR;
				CLANG_WARN_DOCUMENTATION_COMMENTS = YES;
				CLANG_WARN_EMPTY_BODY = YES;
				CLANG_WARN_ENUM_CONVERSION = YES;
				CLANG_WARN_INFINITE_RECURSION = YES;
				CLANG_WARN_INT_CONVERSION = YES;
				CLANG_WARN_OBJC_ROOT_CLASS = YES_ERROR;
				CLANG_WARN_SUSPICIOUS_MOVE = YES;
				CLANG_WARN_UNREACHABLE_CODE = YES;
				CLANG_WARN__DUPLICATE_METHOD_MATCH = YES;
				"CODE_SIGN_IDENTITY[sdk=iphoneos*]" = "iPhone Developer";
				COPY_PHASE_STRIP = NO;
				DEBUG_INFORMATION_FORMAT = "dwarf-with-dsym";
				ENABLE_NS_ASSERTIONS = NO;
				ENABLE_STRICT_OBJC_MSGSEND = YES;
				GCC_C_LANGUAGE_STANDARD = gnu99;
				GCC_NO_COMMON_BLOCKS = YES;
				GCC_WARN_64_TO_32_BIT_CONVERSION = YES;
				GCC_WARN_ABOUT_RETURN_TYPE = YES_ERROR;
				GCC_WARN_UNDECLARED_SELECTOR = YES;
				GCC_WARN_UNINITIALIZED_AUTOS = YES_AGGRESSIVE;
				GCC_WARN_UNUSED_FUNCTION = YES;
				GCC_WARN_UNUSED_VARIABLE = YES;
				IPHONEOS_DEPLOYMENT_TARGET = 10.3;
				MTL_ENABLE_DEBUG_INFO = NO;
				SDKROOT = iphoneos;
				VALIDATE_PRODUCT = YES;
			};
			name = Release;
		};
		07899DBC1F5967B800D3AAF8 /* Debug */ = {
			isa = XCBuildConfiguration;
			buildSettings = {
				ASSETCATALOG_COMPILER_APPICON_NAME = AppIcon;
				CODE_SIGN_IDENTITY = "iPhone Developer: Hui Niu (9CVZQR49ST)";
				"CODE_SIGN_IDENTITY[sdk=iphoneos*]" = "iPhone Developer: Hui Niu (9CVZQR49ST)";
				DEVELOPMENT_TEAM = 8M25X9FW5Y;
				INFOPLIST_FILE = RunInBackground/Info.plist;
				IPHONEOS_DEPLOYMENT_TARGET = 8.0;
				LD_RUNPATH_SEARCH_PATHS = "$(inherited) @executable_path/Frameworks";
				PRODUCT_BUNDLE_IDENTIFIER = com.cike.RunInBackground;
				PRODUCT_NAME = "$(TARGET_NAME)";
				PROVISIONING_PROFILE = "29879d2c-57d3-4522-9a0f-b3ad9b24b3c9";
				PROVISIONING_PROFILE_SPECIFIER = Develope_All;
			};
			name = Debug;
		};
		07899DBD1F5967B800D3AAF8 /* Release */ = {
			isa = XCBuildConfiguration;
			buildSettings = {
				ASSETCATALOG_COMPILER_APPICON_NAME = AppIcon;
				DEVELOPMENT_TEAM = "";
				INFOPLIST_FILE = RunInBackground/Info.plist;
				IPHONEOS_DEPLOYMENT_TARGET = 8.0;
				LD_RUNPATH_SEARCH_PATHS = "$(inherited) @executable_path/Frameworks";
				PRODUCT_BUNDLE_IDENTIFIER = com.cike.RunInBackground;
				PRODUCT_NAME = "$(TARGET_NAME)";
				PROVISIONING_PROFILE_SPECIFIER = "";
			};
			name = Release;
		};
/* End XCBuildConfiguration section */

/* Begin XCConfigurationList section */
		07899D9F1F5967B800D3AAF8 /* Build configuration list for PBXProject "RunInBackground" */ = {
			isa = XCConfigurationList;
			buildConfigurations = (
				07899DB91F5967B800D3AAF8 /* Debug */,
				07899DBA1F5967B800D3AAF8 /* Release */,
			);
			defaultConfigurationIsVisible = 0;
			defaultConfigurationName = Release;
		};
		07899DBB1F5967B800D3AAF8 /* Build configuration list for PBXNativeTarget "RunInBackground" */ = {
			isa = XCConfigurationList;
			buildConfigurations = (
				07899DBC1F5967B800D3AAF8 /* Debug */,
				07899DBD1F5967B800D3AAF8 /* Release */,
			);
			defaultConfigurationIsVisible = 0;
			defaultConfigurationName = Release;
		};
/* End XCConfigurationList section */
	};
	rootObject = 07899D9C1F5967B800D3AAF8 /* Project object */;
}
